
Microsoft Visual Studio Solution File, Format Version 12.00
# Visual Studio Version 16
VisualStudioVersion = 16.0.29519.87
MinimumVisualStudioVersion = 15.0.26124.0
Project("{9A19103F-16F7-4668-BE54-9A1E7A4F7556}") = "build", "build\build.csproj", "{0BC9B9F4-65AB-4E61-87B2-6C3F87DA5205}"
EndProject
Project("{2150E333-8FDC-42A3-9474-1A3956D46DE8}") = "src", "src", "{B90C951E-9FFC-4EDE-B2EE-96647005DA9F}"
EndProject
Project("{9A19103F-16F7-4668-BE54-9A1E7A4F7556}") = "Keeper.Desktop", "src\Keeper.Desktop\Keeper.Desktop.csproj", "{716BF808-F2EF-4AC8-BC65-6D1846058209}"
EndProject
Project("{2150E333-8FDC-42A3-9474-1A3956D46DE8}") = "tests", "tests", "{F1DE4727-0C71-405E-9056-A8FE9F941C66}"
EndProject
Global
	GlobalSection(SolutionConfigurationPlatforms) = preSolution
		Debug|Any CPU = Debug|Any CPU
		Debug|x64 = Debug|x64
		Debug|x86 = Debug|x86
		Release|Any CPU = Release|Any CPU
		Release|x64 = Release|x64
		Release|x86 = Release|x86
	EndGlobalSection
	GlobalSection(ProjectConfigurationPlatforms) = postSolution
		{0BC9B9F4-65AB-4E61-87B2-6C3F87DA5205}.Debug|Any CPU.ActiveCfg = Debug|Any CPU
		{0BC9B9F4-65AB-4E61-87B2-6C3F87DA5205}.Debug|x64.ActiveCfg = Debug|Any CPU
		{0BC9B9F4-65AB-4E61-87B2-6C3F87DA5205}.Debug|x64.Build.0 = Debug|Any CPU
		{0BC9B9F4-65AB-4E61-87B2-6C3F87DA5205}.Debug|x86.ActiveCfg = Debug|Any CPU
		{0BC9B9F4-65AB-4E61-87B2-6C3F87DA5205}.Debug|x86.Build.0 = Debug|Any CPU
		{0BC9B9F4-65AB-4E61-87B2-6C3F87DA5205}.Release|Any CPU.ActiveCfg = Release|Any CPU
		{0BC9B9F4-65AB-4E61-87B2-6C3F87DA5205}.Release|x64.ActiveCfg = Release|Any CPU
		{0BC9B9F4-65AB-4E61-87B2-6C3F87DA5205}.Release|x64.Build.0 = Release|Any CPU
		{0BC9B9F4-65AB-4E61-87B2-6C3F87DA5205}.Release|x86.ActiveCfg = Release|Any CPU
		{0BC9B9F4-65AB-4E61-87B2-6C3F87DA5205}.Release|x86.Build.0 = Release|Any CPU
		{716BF808-F2EF-4AC8-BC65-6D1846058209}.Debug|Any CPU.ActiveCfg = Debug|Any CPU
		{716BF808-F2EF-4AC8-BC65-6D1846058209}.Debug|Any CPU.Build.0 = Debug|Any CPU
		{716BF808-F2EF-4AC8-BC65-6D1846058209}.Debug|x64.ActiveCfg = Debug|Any CPU
		{716BF808-F2EF-4AC8-BC65-6D1846058209}.Debug|x64.Build.0 = Debug|Any CPU
		{716BF808-F2EF-4AC8-BC65-6D1846058209}.Debug|x86.ActiveCfg = Debug|Any CPU
		{716BF808-F2EF-4AC8-BC65-6D1846058209}.Debug|x86.Build.0 = Debug|Any CPU
		{716BF808-F2EF-4AC8-BC65-6D1846058209}.Release|Any CPU.ActiveCfg = Release|Any CPU
		{716BF808-F2EF-4AC8-BC65-6D1846058209}.Release|Any CPU.Build.0 = Release|Any CPU
		{716BF808-F2EF-4AC8-BC65-6D1846058209}.Release|x64.ActiveCfg = Release|Any CPU
		{716BF808-F2EF-4AC8-BC65-6D1846058209}.Release|x64.Build.0 = Release|Any CPU
		{716BF808-F2EF-4AC8-BC65-6D1846058209}.Release|x86.ActiveCfg = Release|Any CPU
		{716BF808-F2EF-4AC8-BC65-6D1846058209}.Release|x86.Build.0 = Release|Any CPU
	EndGlobalSection
	GlobalSection(SolutionProperties) = preSolution
		HideSolutionNode = FALSE
	EndGlobalSection
	GlobalSection(NestedProjects) = preSolution
		{716BF808-F2EF-4AC8-BC65-6D1846058209} = {B90C951E-9FFC-4EDE-B2EE-96647005DA9F}
	EndGlobalSection
	GlobalSection(ExtensibilityGlobals) = postSolution
		SolutionGuid = {304A500E-E49B-4681-B8BB-6CC1DEC0D78E}
	EndGlobalSection
EndGlobal
